{
  "requires": true,
  "lockfileVersion": 1,
  "dependencies": {
    "@use-expo/font": {
      "version": "2.0.0",
      "resolved": "https://registry.npmjs.org/@use-expo/font/-/font-2.0.0.tgz",
      "integrity": "sha512-oOJ2uaRyZNQg7PnQviz7nBcdrRL38zxScab4ktgtI4asa6G0dHW9wg307uJJmn0sHS04Yqtw+m0EOjDcGw3iWg=="
    }
  }
}
